
Microsoft Visual Studio Solution File, Format Version 12.00
# Visual Studio 2013
VisualStudioVersion = 12.0.20827.3
MinimumVisualStudioVersion = 10.0.40219.1
Project("{2150E333-8FDC-42A3-9474-1A3956D46DE8}") = "Solution Items", "Solution Items", "{E61EB5D5-494B-437A-A9ED-20756769E139}"
	ProjectSection(SolutionItems) = preProject
		LasiClassFramework.vsmdi = LasiClassFramework.vsmdi
		TestSettings.runsettings = TestSettings.runsettings
	EndProjectSection
EndProject
Project("{FAE04EC0-301F-11D3-BF4B-00C04F79EFBC}") = "L_Algorithm", "LASI_Algorithm\L_Algorithm.csproj", "{8C562A93-A885-4FE9-8B8C-5CE34CCBAEC1}"
EndProject
Project("{FAE04EC0-301F-11D3-BF4B-00C04F79EFBC}") = "L_UserInterface", "LASI_UserInterface\L_UserInterface.csproj", "{6C8D6DA8-BD8B-48C8-ACB9-8FDE7E3A672E}"
EndProject
Project("{2150E333-8FDC-42A3-9474-1A3956D46DE8}") = "UnitTestProjects", "UnitTestProjects", "{B3482180-A78D-4A20-B744-81620578B79B}"
EndProject
Project("{2150E333-8FDC-42A3-9474-1A3956D46DE8}") = "WordNetThesaurusData", "WordNetThesaurusData", "{20C3B51F-FF54-4452-B69E-67D596843284}"
	ProjectSection(SolutionItems) = preProject
		WordNetThesaurusData\data.adj = WordNetThesaurusData\data.adj
		WordNetThesaurusData\data.adv = WordNetThesaurusData\data.adv
		WordNetThesaurusData\data.noun = WordNetThesaurusData\data.noun
		WordNetThesaurusData\data.verb = WordNetThesaurusData\data.verb
		WordNetThesaurusData\index.adj = WordNetThesaurusData\index.adj
		WordNetThesaurusData\index.adv = WordNetThesaurusData\index.adv
		WordNetThesaurusData\index.noun = WordNetThesaurusData\index.noun
		WordNetThesaurusData\index.sense = WordNetThesaurusData\index.sense
		WordNetThesaurusData\index.verb = WordNetThesaurusData\index.verb
	EndProjectSection
EndProject
Project("{FAE04EC0-301F-11D3-BF4B-00C04F79EFBC}") = "L_Utilities", "LASI_Utilities\L_Utilities.csproj", "{BC10A8F0-77FF-46D0-9F9A-38E2FDA22D21}"
EndProject
Project("{2150E333-8FDC-42A3-9474-1A3956D46DE8}") = "XMLShemas", "XMLShemas", "{BB8A5BF2-C41F-4330-B55B-D1097569B529}"
	ProjectSection(SolutionItems) = preProject
		documentStructure.xsd = documentStructure.xsd
		dotLasiFile.xsd = dotLasiFile.xsd
	EndProjectSection
EndProject
Project("{2150E333-8FDC-42A3-9474-1A3956D46DE8}") = "SchemaTestFiles", "SchemaTestFiles", "{8829F489-A966-4321-BD4A-FDC4536D0BBA}"
	ProjectSection(SolutionItems) = preProject
		ProjectFileEx.xml = ProjectFileEx.xml
		LASI_FileSystem\XMLFile1.xml = LASI_FileSystem\XMLFile1.xml
	EndProjectSection
EndProject
Project("{FAE04EC0-301F-11D3-BF4B-00C04F79EFBC}") = "LASI_Algorithm_UnitTests", "UnitTests\LASI_Algorithm_UnitTests.csproj", "{F4ABC10C-0BE9-4195-99E7-DB027757EC6B}"
EndProject
Project("{FAE04EC0-301F-11D3-BF4B-00C04F79EFBC}") = "L_InteropLayer", "LASI_InteropLayer\L_InteropLayer.csproj", "{06B96679-9758-4B15-8E75-0F46416E68B7}"
EndProject
Project("{2150E333-8FDC-42A3-9474-1A3956D46DE8}") = "Licenses", "Licenses", "{B012451A-BCB9-423F-8119-BE8027CA8474}"
	ProjectSection(SolutionItems) = preProject
		Licences\b2xtranslatorLicense.txt = Licences\b2xtranslatorLicense.txt
		Licences\iTextSharpLicense.txt = Licences\iTextSharpLicense.txt
		Licences\LASILicense.txt = Licences\LASILicense.txt
		Licences\SharpNLPLicense.txt = Licences\SharpNLPLicense.txt
		Licences\WordNetLicense.txt = Licences\WordNetLicense.txt
		Licences\WPFToolkitLicense.txt = Licences\WPFToolkitLicense.txt
	EndProjectSection
EndProject
Project("{FAE04EC0-301F-11D3-BF4B-00C04F79EFBC}") = "L_ContentSystem", "LASI_ContentSystem\L_ContentSystem.csproj", "{F13D6C6D-A004-45BD-8FB8-E044E20F1204}"
EndProject
Project("{FAE04EC0-301F-11D3-BF4B-00C04F79EFBC}") = "Experimentation", "Experimentation\Experimentation.csproj", "{C5304A4C-A870-4ACF-B3EE-30A789159774}"
EndProject
Project("{FAE04EC0-301F-11D3-BF4B-00C04F79EFBC}") = "ExperimentationWPF", "WPFExperimentation\ExperimentationWPF.csproj", "{F57E105E-00CD-429A-8819-FAC415678F84}"
EndProject
Global
	GlobalSection(SolutionConfigurationPlatforms) = preSolution
		Debug|Any CPU = Debug|Any CPU
		Debug|x64 = Debug|x64
		Debug|x86 = Debug|x86
		Release|Any CPU = Release|Any CPU
		Release|x64 = Release|x64
		Release|x86 = Release|x86
	EndGlobalSection
	GlobalSection(ProjectConfigurationPlatforms) = postSolution
		{8C562A93-A885-4FE9-8B8C-5CE34CCBAEC1}.Debug|Any CPU.ActiveCfg = Debug|Any CPU
		{8C562A93-A885-4FE9-8B8C-5CE34CCBAEC1}.Debug|Any CPU.Build.0 = Debug|Any CPU
		{8C562A93-A885-4FE9-8B8C-5CE34CCBAEC1}.Debug|x64.ActiveCfg = Debug|Any CPU
		{8C562A93-A885-4FE9-8B8C-5CE34CCBAEC1}.Debug|x86.ActiveCfg = Debug|Any CPU
		{8C562A93-A885-4FE9-8B8C-5CE34CCBAEC1}.Release|Any CPU.ActiveCfg = Release|Any CPU
		{8C562A93-A885-4FE9-8B8C-5CE34CCBAEC1}.Release|Any CPU.Build.0 = Release|Any CPU
		{8C562A93-A885-4FE9-8B8C-5CE34CCBAEC1}.Release|x64.ActiveCfg = Release|Any CPU
		{8C562A93-A885-4FE9-8B8C-5CE34CCBAEC1}.Release|x86.ActiveCfg = Release|Any CPU
		{6C8D6DA8-BD8B-48C8-ACB9-8FDE7E3A672E}.Debug|Any CPU.ActiveCfg = Debug|Any CPU
		{6C8D6DA8-BD8B-48C8-ACB9-8FDE7E3A672E}.Debug|Any CPU.Build.0 = Debug|Any CPU
		{6C8D6DA8-BD8B-48C8-ACB9-8FDE7E3A672E}.Debug|x64.ActiveCfg = Debug|Any CPU
		{6C8D6DA8-BD8B-48C8-ACB9-8FDE7E3A672E}.Debug|x86.ActiveCfg = Debug|Any CPU
		{6C8D6DA8-BD8B-48C8-ACB9-8FDE7E3A672E}.Release|Any CPU.ActiveCfg = Release|Any CPU
		{6C8D6DA8-BD8B-48C8-ACB9-8FDE7E3A672E}.Release|Any CPU.Build.0 = Release|Any CPU
		{6C8D6DA8-BD8B-48C8-ACB9-8FDE7E3A672E}.Release|x64.ActiveCfg = Release|Any CPU
		{6C8D6DA8-BD8B-48C8-ACB9-8FDE7E3A672E}.Release|x86.ActiveCfg = Release|Any CPU
		{BC10A8F0-77FF-46D0-9F9A-38E2FDA22D21}.Debug|Any CPU.ActiveCfg = Debug|Any CPU
		{BC10A8F0-77FF-46D0-9F9A-38E2FDA22D21}.Debug|Any CPU.Build.0 = Debug|Any CPU
		{BC10A8F0-77FF-46D0-9F9A-38E2FDA22D21}.Debug|x64.ActiveCfg = Debug|Any CPU
		{BC10A8F0-77FF-46D0-9F9A-38E2FDA22D21}.Debug|x86.ActiveCfg = Debug|Any CPU
		{BC10A8F0-77FF-46D0-9F9A-38E2FDA22D21}.Release|Any CPU.ActiveCfg = Release|Any CPU
		{BC10A8F0-77FF-46D0-9F9A-38E2FDA22D21}.Release|Any CPU.Build.0 = Release|Any CPU
		{BC10A8F0-77FF-46D0-9F9A-38E2FDA22D21}.Release|x64.ActiveCfg = Release|Any CPU
		{BC10A8F0-77FF-46D0-9F9A-38E2FDA22D21}.Release|x86.ActiveCfg = Release|Any CPU
		{F4ABC10C-0BE9-4195-99E7-DB027757EC6B}.Debug|Any CPU.ActiveCfg = Debug|Any CPU
		{F4ABC10C-0BE9-4195-99E7-DB027757EC6B}.Debug|Any CPU.Build.0 = Debug|Any CPU
		{F4ABC10C-0BE9-4195-99E7-DB027757EC6B}.Debug|x64.ActiveCfg = Debug|Any CPU
		{F4ABC10C-0BE9-4195-99E7-DB027757EC6B}.Debug|x64.Build.0 = Debug|Any CPU
		{F4ABC10C-0BE9-4195-99E7-DB027757EC6B}.Debug|x86.ActiveCfg = Debug|Any CPU
		{F4ABC10C-0BE9-4195-99E7-DB027757EC6B}.Release|Any CPU.ActiveCfg = Release|Any CPU
		{F4ABC10C-0BE9-4195-99E7-DB027757EC6B}.Release|Any CPU.Build.0 = Release|Any CPU
		{F4ABC10C-0BE9-4195-99E7-DB027757EC6B}.Release|x64.ActiveCfg = Release|Any CPU
		{F4ABC10C-0BE9-4195-99E7-DB027757EC6B}.Release|x86.ActiveCfg = Release|Any CPU
		{06B96679-9758-4B15-8E75-0F46416E68B7}.Debug|Any CPU.ActiveCfg = Debug|Any CPU
		{06B96679-9758-4B15-8E75-0F46416E68B7}.Debug|Any CPU.Build.0 = Debug|Any CPU
		{06B96679-9758-4B15-8E75-0F46416E68B7}.Debug|x64.ActiveCfg = Debug|Any CPU
		{06B96679-9758-4B15-8E75-0F46416E68B7}.Debug|x86.ActiveCfg = Debug|Any CPU
		{06B96679-9758-4B15-8E75-0F46416E68B7}.Release|Any CPU.ActiveCfg = Release|Any CPU
		{06B96679-9758-4B15-8E75-0F46416E68B7}.Release|Any CPU.Build.0 = Release|Any CPU
		{06B96679-9758-4B15-8E75-0F46416E68B7}.Release|x64.ActiveCfg = Release|Any CPU
		{06B96679-9758-4B15-8E75-0F46416E68B7}.Release|x86.ActiveCfg = Release|Any CPU
		{F13D6C6D-A004-45BD-8FB8-E044E20F1204}.Debug|Any CPU.ActiveCfg = Debug|Any CPU
		{F13D6C6D-A004-45BD-8FB8-E044E20F1204}.Debug|Any CPU.Build.0 = Debug|Any CPU
		{F13D6C6D-A004-45BD-8FB8-E044E20F1204}.Debug|x64.ActiveCfg = Debug|Any CPU
		{F13D6C6D-A004-45BD-8FB8-E044E20F1204}.Debug|x86.ActiveCfg = Debug|Any CPU
		{F13D6C6D-A004-45BD-8FB8-E044E20F1204}.Release|Any CPU.ActiveCfg = Release|Any CPU
		{F13D6C6D-A004-45BD-8FB8-E044E20F1204}.Release|Any CPU.Build.0 = Release|Any CPU
		{F13D6C6D-A004-45BD-8FB8-E044E20F1204}.Release|x64.ActiveCfg = Release|Any CPU
		{F13D6C6D-A004-45BD-8FB8-E044E20F1204}.Release|x86.ActiveCfg = Release|Any CPU
		{C5304A4C-A870-4ACF-B3EE-30A789159774}.Debug|Any CPU.ActiveCfg = Debug|Any CPU
		{C5304A4C-A870-4ACF-B3EE-30A789159774}.Debug|Any CPU.Build.0 = Debug|Any CPU
		{C5304A4C-A870-4ACF-B3EE-30A789159774}.Debug|x64.ActiveCfg = Debug|Any CPU
		{C5304A4C-A870-4ACF-B3EE-30A789159774}.Debug|x86.ActiveCfg = Debug|Any CPU
		{C5304A4C-A870-4ACF-B3EE-30A789159774}.Release|Any CPU.ActiveCfg = Release|Any CPU
		{C5304A4C-A870-4ACF-B3EE-30A789159774}.Release|Any CPU.Build.0 = Release|Any CPU
		{C5304A4C-A870-4ACF-B3EE-30A789159774}.Release|x64.ActiveCfg = Release|Any CPU
		{C5304A4C-A870-4ACF-B3EE-30A789159774}.Release|x86.ActiveCfg = Release|Any CPU
		{F57E105E-00CD-429A-8819-FAC415678F84}.Debug|Any CPU.ActiveCfg = Debug|Any CPU
		{F57E105E-00CD-429A-8819-FAC415678F84}.Debug|Any CPU.Build.0 = Debug|Any CPU
		{F57E105E-00CD-429A-8819-FAC415678F84}.Debug|x64.ActiveCfg = Debug|Any CPU
		{F57E105E-00CD-429A-8819-FAC415678F84}.Debug|x86.ActiveCfg = Debug|Any CPU
		{F57E105E-00CD-429A-8819-FAC415678F84}.Release|Any CPU.ActiveCfg = Release|Any CPU
		{F57E105E-00CD-429A-8819-FAC415678F84}.Release|Any CPU.Build.0 = Release|Any CPU
		{F57E105E-00CD-429A-8819-FAC415678F84}.Release|x64.ActiveCfg = Release|Any CPU
		{F57E105E-00CD-429A-8819-FAC415678F84}.Release|x86.ActiveCfg = Release|Any CPU
	EndGlobalSection
	GlobalSection(SolutionProperties) = preSolution
		HideSolutionNode = FALSE
	EndGlobalSection
	GlobalSection(NestedProjects) = preSolution
		{B012451A-BCB9-423F-8119-BE8027CA8474} = {E61EB5D5-494B-437A-A9ED-20756769E139}
		{F4ABC10C-0BE9-4195-99E7-DB027757EC6B} = {B3482180-A78D-4A20-B744-81620578B79B}
		{8829F489-A966-4321-BD4A-FDC4536D0BBA} = {BB8A5BF2-C41F-4330-B55B-D1097569B529}
	EndGlobalSection
	GlobalSection(ExtensibilityGlobals) = postSolution
		VisualSVNWorkingCopyRoot = .
	EndGlobalSection
	GlobalSection(TestCaseManagementSettings) = postSolution
		CategoryFile = LasiClassFramework.vsmdi
	EndGlobalSection
EndGlobal
