
Microsoft Visual Studio Solution File, Format Version 12.00
# Visual Studio 14
VisualStudioVersion = 14.0.22609.0
MinimumVisualStudioVersion = 10.0.40219.1
Project("{2150E333-8FDC-42A3-9474-1A3956D46DE8}") = "Solution Items", "Solution Items", "{E61EB5D5-494B-437A-A9ED-20756769E139}"
	ProjectSection(SolutionItems) = preProject
		.gitignore = .gitignore
		XMLSchemas\documentStructure.xsd = XMLSchemas\documentStructure.xsd
		XMLSchemas\dotLasiFile.xsd = XMLSchemas\dotLasiFile.xsd
		failingtests.playlist = failingtests.playlist
		Icons\favicon.ico = Icons\favicon.ico
		global.json = global.json
		README.md = README.md
		RuleSet1.ruleset = RuleSet1.ruleset
		Script1.fsx = Script1.fsx
	EndProjectSection
	ProjectSection(FolderGlobals) = preProject
		global_1json__JSONSchema = http://json.schemastore.org/global
		tslint_1json__JSONSchema = http://json.schemastore.org/tslint
		Documents_2GitHub_2LASI_2tslint_1json__JSONSchema = http://json.schemastore.org/tslint
		Documents_2GitHub_2LASI_2global_1json__JSONSchema = http://json.schemastore.org/global
	EndProjectSection
EndProject
Project("{2150E333-8FDC-42A3-9474-1A3956D46DE8}") = "Licenses", "Licenses", "{B012451A-BCB9-423F-8119-BE8027CA8474}"
	ProjectSection(SolutionItems) = preProject
		Licences\b2xtranslatorLicense.txt = Licences\b2xtranslatorLicense.txt
		Licences\iTextSharpLicense.txt = Licences\iTextSharpLicense.txt
		Licences\LASILicense.txt = Licences\LASILicense.txt
		Licences\SharpNLPLicense.txt = Licences\SharpNLPLicense.txt
		Licences\WordNetLicense.txt = Licences\WordNetLicense.txt
		Licences\WPFToolkitLicense.txt = Licences\WPFToolkitLicense.txt
	EndProjectSection
EndProject
Project("{FAE04EC0-301F-11D3-BF4B-00C04F79EFBC}") = "LASI.App", "App\LASI.App.csproj", "{6C8D6DA8-BD8B-48C8-ACB9-8FDE7E3A672E}"
EndProject
Project("{FAE04EC0-301F-11D3-BF4B-00C04F79EFBC}") = "LASI.Utilities", "Utilities\LASI.Utilities.csproj", "{BC10A8F0-77FF-46D0-9F9A-38E2FDA22D21}"
EndProject
Project("{FAE04EC0-301F-11D3-BF4B-00C04F79EFBC}") = "LASI.Core", "Core\LASI.Core.csproj", "{8C562A93-A885-4FE9-8B8C-5CE34CCBAEC1}"
EndProject
Project("{2150E333-8FDC-42A3-9474-1A3956D46DE8}") = "ExperimentalClientProjects", "ExperimentalClientProjects", "{2F5E64C4-89A9-4B41-942F-97BB85044FE5}"
EndProject
Project("{FAE04EC0-301F-11D3-BF4B-00C04F79EFBC}") = "LASI.Interop", "Interop\LASI.Interop.csproj", "{06B96679-9758-4B15-8E75-0F46416E68B7}"
EndProject
Project("{FAE04EC0-301F-11D3-BF4B-00C04F79EFBC}") = "LASI.Content", "Content\LASI.Content.csproj", "{F13D6C6D-A004-45BD-8FB8-E044E20F1204}"
EndProject
Project("{2150E333-8FDC-42A3-9474-1A3956D46DE8}") = ".nuget", ".nuget", "{9579A236-F6AE-4C14-95B6-7D35671BF7D9}"
	ProjectSection(SolutionItems) = preProject
		.nuget\packages.config = .nuget\packages.config
	EndProjectSection
EndProject
Project("{FAE04EC0-301F-11D3-BF4B-00C04F79EFBC}") = "LASI.Content.Tests", "LASI.Content.Tests\LASI.Content.Tests.csproj", "{BE2D3C2C-F7CF-4731-BFA8-1876DE7FB757}"
EndProject
Project("{FAE04EC0-301F-11D3-BF4B-00C04F79EFBC}") = "LASI.Core.Tests", "LASI.Core.Tests\LASI.Core.Tests.csproj", "{F4ABC10C-0BE9-4195-99E7-DB027757EC6B}"
EndProject
Project("{FAE04EC0-301F-11D3-BF4B-00C04F79EFBC}") = "LASI.Interop.Tests", "LASI.Interop.Tests\LASI.Interop.Tests.csproj", "{28203B35-8232-4B95-82A3-70D510C416CD}"
EndProject
Project("{FAE04EC0-301F-11D3-BF4B-00C04F79EFBC}") = "LASI.Utilities.Tests", "LASI.Utilities.Tests\LASI.Utilities.Tests.csproj", "{7C756278-1AA5-4462-A9ED-E4CE2D948E10}"
EndProject
Project("{FAE04EC0-301F-11D3-BF4B-00C04F79EFBC}") = "LASI.WebApp", "WebApp\LASI.WebApp.csproj", "{D9E607C7-E135-487C-B1B5-A6D087275B09}"
EndProject
Project("{2150E333-8FDC-42A3-9474-1A3956D46DE8}") = "Test", "Test", "{AB32A172-AF94-4FAF-9655-5E339DDB032C}"
EndProject
Project("{FAE04EC0-301F-11D3-BF4B-00C04F79EFBC}") = "LASI.Shared.Test", "Shared.Test.Utilities\LASI.Shared.Test.csproj", "{1314082A-EB47-44E9-88A0-72C71489035F}"
EndProject
Project("{2150E333-8FDC-42A3-9474-1A3956D46DE8}") = "TestUtilities", "TestUtilities", "{AB837D56-33CB-4A49-BAE1-4E36D371BCE6}"
EndProject
Project("{8BB2217D-0F2D-49D1-97BC-3654ED321F3B}") = "AspSixApp", "AspSixApp\AspSixApp.kproj", "{61E987AD-E614-40D1-8901-9AC6262FB9F4}"
EndProject
Global
	GlobalSection(SolutionConfigurationPlatforms) = preSolution
		Debug|Any CPU = Debug|Any CPU
		Release|Any CPU = Release|Any CPU
	EndGlobalSection
	GlobalSection(ProjectConfigurationPlatforms) = postSolution
		{6C8D6DA8-BD8B-48C8-ACB9-8FDE7E3A672E}.Debug|Any CPU.ActiveCfg = Debug|Any CPU
		{6C8D6DA8-BD8B-48C8-ACB9-8FDE7E3A672E}.Debug|Any CPU.Build.0 = Debug|Any CPU
		{6C8D6DA8-BD8B-48C8-ACB9-8FDE7E3A672E}.Release|Any CPU.ActiveCfg = Release|Any CPU
		{6C8D6DA8-BD8B-48C8-ACB9-8FDE7E3A672E}.Release|Any CPU.Build.0 = Release|Any CPU
		{BC10A8F0-77FF-46D0-9F9A-38E2FDA22D21}.Debug|Any CPU.ActiveCfg = Debug|Any CPU
		{BC10A8F0-77FF-46D0-9F9A-38E2FDA22D21}.Debug|Any CPU.Build.0 = Debug|Any CPU
		{BC10A8F0-77FF-46D0-9F9A-38E2FDA22D21}.Release|Any CPU.ActiveCfg = Release|Any CPU
		{BC10A8F0-77FF-46D0-9F9A-38E2FDA22D21}.Release|Any CPU.Build.0 = Release|Any CPU
		{8C562A93-A885-4FE9-8B8C-5CE34CCBAEC1}.Debug|Any CPU.ActiveCfg = Debug|Any CPU
		{8C562A93-A885-4FE9-8B8C-5CE34CCBAEC1}.Debug|Any CPU.Build.0 = Debug|Any CPU
		{8C562A93-A885-4FE9-8B8C-5CE34CCBAEC1}.Release|Any CPU.ActiveCfg = Release|Any CPU
		{8C562A93-A885-4FE9-8B8C-5CE34CCBAEC1}.Release|Any CPU.Build.0 = Release|Any CPU
		{06B96679-9758-4B15-8E75-0F46416E68B7}.Debug|Any CPU.ActiveCfg = Debug|Any CPU
		{06B96679-9758-4B15-8E75-0F46416E68B7}.Debug|Any CPU.Build.0 = Debug|Any CPU
		{06B96679-9758-4B15-8E75-0F46416E68B7}.Release|Any CPU.ActiveCfg = Release|Any CPU
		{06B96679-9758-4B15-8E75-0F46416E68B7}.Release|Any CPU.Build.0 = Release|Any CPU
		{F13D6C6D-A004-45BD-8FB8-E044E20F1204}.Debug|Any CPU.ActiveCfg = Debug|Any CPU
		{F13D6C6D-A004-45BD-8FB8-E044E20F1204}.Debug|Any CPU.Build.0 = Debug|Any CPU
		{F13D6C6D-A004-45BD-8FB8-E044E20F1204}.Release|Any CPU.ActiveCfg = Release|Any CPU
		{F13D6C6D-A004-45BD-8FB8-E044E20F1204}.Release|Any CPU.Build.0 = Release|Any CPU
		{BE2D3C2C-F7CF-4731-BFA8-1876DE7FB757}.Debug|Any CPU.ActiveCfg = Debug|Any CPU
		{BE2D3C2C-F7CF-4731-BFA8-1876DE7FB757}.Debug|Any CPU.Build.0 = Debug|Any CPU
		{BE2D3C2C-F7CF-4731-BFA8-1876DE7FB757}.Release|Any CPU.ActiveCfg = Release|Any CPU
		{BE2D3C2C-F7CF-4731-BFA8-1876DE7FB757}.Release|Any CPU.Build.0 = Release|Any CPU
		{F4ABC10C-0BE9-4195-99E7-DB027757EC6B}.Debug|Any CPU.ActiveCfg = Debug|Any CPU
		{F4ABC10C-0BE9-4195-99E7-DB027757EC6B}.Debug|Any CPU.Build.0 = Debug|Any CPU
		{F4ABC10C-0BE9-4195-99E7-DB027757EC6B}.Release|Any CPU.ActiveCfg = Release|Any CPU
		{F4ABC10C-0BE9-4195-99E7-DB027757EC6B}.Release|Any CPU.Build.0 = Release|Any CPU
		{28203B35-8232-4B95-82A3-70D510C416CD}.Debug|Any CPU.ActiveCfg = Debug|Any CPU
		{28203B35-8232-4B95-82A3-70D510C416CD}.Debug|Any CPU.Build.0 = Debug|Any CPU
		{28203B35-8232-4B95-82A3-70D510C416CD}.Release|Any CPU.ActiveCfg = Release|Any CPU
		{28203B35-8232-4B95-82A3-70D510C416CD}.Release|Any CPU.Build.0 = Release|Any CPU
		{7C756278-1AA5-4462-A9ED-E4CE2D948E10}.Debug|Any CPU.ActiveCfg = Debug|Any CPU
		{7C756278-1AA5-4462-A9ED-E4CE2D948E10}.Debug|Any CPU.Build.0 = Debug|Any CPU
		{7C756278-1AA5-4462-A9ED-E4CE2D948E10}.Release|Any CPU.ActiveCfg = Release|Any CPU
		{7C756278-1AA5-4462-A9ED-E4CE2D948E10}.Release|Any CPU.Build.0 = Release|Any CPU
		{D9E607C7-E135-487C-B1B5-A6D087275B09}.Debug|Any CPU.ActiveCfg = Debug|Any CPU
		{D9E607C7-E135-487C-B1B5-A6D087275B09}.Debug|Any CPU.Build.0 = Debug|Any CPU
		{D9E607C7-E135-487C-B1B5-A6D087275B09}.Release|Any CPU.ActiveCfg = Release|Any CPU
		{D9E607C7-E135-487C-B1B5-A6D087275B09}.Release|Any CPU.Build.0 = Release|Any CPU
		{1314082A-EB47-44E9-88A0-72C71489035F}.Debug|Any CPU.ActiveCfg = Debug|Any CPU
		{1314082A-EB47-44E9-88A0-72C71489035F}.Debug|Any CPU.Build.0 = Debug|Any CPU
		{1314082A-EB47-44E9-88A0-72C71489035F}.Release|Any CPU.ActiveCfg = Release|Any CPU
		{1314082A-EB47-44E9-88A0-72C71489035F}.Release|Any CPU.Build.0 = Release|Any CPU
		{61E987AD-E614-40D1-8901-9AC6262FB9F4}.Debug|Any CPU.ActiveCfg = Debug|Any CPU
		{61E987AD-E614-40D1-8901-9AC6262FB9F4}.Debug|Any CPU.Build.0 = Debug|Any CPU
		{61E987AD-E614-40D1-8901-9AC6262FB9F4}.Release|Any CPU.ActiveCfg = Release|Any CPU
		{61E987AD-E614-40D1-8901-9AC6262FB9F4}.Release|Any CPU.Build.0 = Release|Any CPU
	EndGlobalSection
	GlobalSection(SolutionProperties) = preSolution
		HideSolutionNode = FALSE
	EndGlobalSection
	GlobalSection(NestedProjects) = preSolution
		{B012451A-BCB9-423F-8119-BE8027CA8474} = {E61EB5D5-494B-437A-A9ED-20756769E139}
		{BE2D3C2C-F7CF-4731-BFA8-1876DE7FB757} = {AB32A172-AF94-4FAF-9655-5E339DDB032C}
		{F4ABC10C-0BE9-4195-99E7-DB027757EC6B} = {AB32A172-AF94-4FAF-9655-5E339DDB032C}
		{28203B35-8232-4B95-82A3-70D510C416CD} = {AB32A172-AF94-4FAF-9655-5E339DDB032C}
		{7C756278-1AA5-4462-A9ED-E4CE2D948E10} = {AB32A172-AF94-4FAF-9655-5E339DDB032C}
		{1314082A-EB47-44E9-88A0-72C71489035F} = {AB837D56-33CB-4A49-BAE1-4E36D371BCE6}
		{AB837D56-33CB-4A49-BAE1-4E36D371BCE6} = {AB32A172-AF94-4FAF-9655-5E339DDB032C}
	EndGlobalSection
EndGlobal
