
Microsoft Visual Studio Solution File, Format Version 12.00
# Visual Studio 15
VisualStudioVersion = 15.0.25428.1
MinimumVisualStudioVersion = 10.0.40219.1
Project("{FAE04EC0-301F-11D3-BF4B-00C04F79EFBC}") = "Experimentation", "Experimentation\Experimentation.csproj", "{C5304A4C-A870-4ACF-B3EE-30A789159774}"
EndProject
Project("{F2A71F9B-5D33-465A-A702-920D77279786}") = "FSharpExperimentation", "FSharpExperimentation\FSharpExperimentation.fsproj", "{970D43A8-BC52-4953-AF25-C93DB2F5134A}"
EndProject
Project("{888888A0-9F3D-457C-B088-3A5042F75D52}") = "IronPythonExperimentation", "IronPythonExperimentation\IronPythonExperimentation.pyproj", "{95BDF76D-5BA6-433A-B62D-E67BD31F8EE5}"
EndProject
Project("{FAE04EC0-301F-11D3-BF4B-00C04F79EFBC}") = "ExperimentationWPF", "WPFExperimentation\ExperimentationWPF.csproj", "{F57E105E-00CD-429A-8819-FAC415678F84}"
EndProject
Global
	GlobalSection(SolutionConfigurationPlatforms) = preSolution
		Debug|Any CPU = Debug|Any CPU
		Release|Any CPU = Release|Any CPU
	EndGlobalSection
	GlobalSection(ProjectConfigurationPlatforms) = postSolution
		{C5304A4C-A870-4ACF-B3EE-30A789159774}.Debug|Any CPU.ActiveCfg = Debug|Any CPU
		{C5304A4C-A870-4ACF-B3EE-30A789159774}.Debug|Any CPU.Build.0 = Debug|Any CPU
		{C5304A4C-A870-4ACF-B3EE-30A789159774}.Release|Any CPU.ActiveCfg = Release|Any CPU
		{C5304A4C-A870-4ACF-B3EE-30A789159774}.Release|Any CPU.Build.0 = Release|Any CPU
		{970D43A8-BC52-4953-AF25-C93DB2F5134A}.Debug|Any CPU.ActiveCfg = Debug|Any CPU
		{970D43A8-BC52-4953-AF25-C93DB2F5134A}.Debug|Any CPU.Build.0 = Debug|Any CPU
		{970D43A8-BC52-4953-AF25-C93DB2F5134A}.Release|Any CPU.ActiveCfg = Release|Any CPU
		{970D43A8-BC52-4953-AF25-C93DB2F5134A}.Release|Any CPU.Build.0 = Release|Any CPU
		{95BDF76D-5BA6-433A-B62D-E67BD31F8EE5}.Debug|Any CPU.ActiveCfg = Debug|Any CPU
		{95BDF76D-5BA6-433A-B62D-E67BD31F8EE5}.Release|Any CPU.ActiveCfg = Release|Any CPU
		{F57E105E-00CD-429A-8819-FAC415678F84}.Debug|Any CPU.ActiveCfg = Debug|Any CPU
		{F57E105E-00CD-429A-8819-FAC415678F84}.Debug|Any CPU.Build.0 = Debug|Any CPU
		{F57E105E-00CD-429A-8819-FAC415678F84}.Release|Any CPU.ActiveCfg = Release|Any CPU
		{F57E105E-00CD-429A-8819-FAC415678F84}.Release|Any CPU.Build.0 = Release|Any CPU
	EndGlobalSection
	GlobalSection(SolutionProperties) = preSolution
		HideSolutionNode = FALSE
	EndGlobalSection
EndGlobal
